
Microsoft Visual Studio Solution File, Format Version 12.00
# Visual Studio 15
Project("{FAE04EC0-301F-11D3-BF4B-00C04F79EFBC}") = "Assembly-CSharp-Editor", "Assembly-CSharp-Editor.csproj", "{B632BA8A-06AB-1CEA-F5B8-3146A6334B36}"
EndProject
Project("{FAE04EC0-301F-11D3-BF4B-00C04F79EFBC}") = "Assembly-CSharp", "Assembly-CSharp.csproj", "{41936062-2516-15D4-1F48-F21E01F7EE18}"
EndProject
Global
	GlobalSection(SolutionConfigurationPlatforms) = preSolution
		Debug|Any CPU = Debug|Any CPU
		Release|Any CPU = Release|Any CPU
	EndGlobalSection
	GlobalSection(ProjectConfigurationPlatforms) = postSolution
		{B632BA8A-06AB-1CEA-F5B8-3146A6334B36}.Debug|Any CPU.ActiveCfg = Debug|Any CPU
		{B632BA8A-06AB-1CEA-F5B8-3146A6334B36}.Debug|Any CPU.Build.0 = Debug|Any CPU
		{B632BA8A-06AB-1CEA-F5B8-3146A6334B36}.Release|Any CPU.ActiveCfg = Release|Any CPU
		{B632BA8A-06AB-1CEA-F5B8-3146A6334B36}.Release|Any CPU.Build.0 = Release|Any CPU
		{41936062-2516-15D4-1F48-F21E01F7EE18}.Debug|Any CPU.ActiveCfg = Debug|Any CPU
		{41936062-2516-15D4-1F48-F21E01F7EE18}.Debug|Any CPU.Build.0 = Debug|Any CPU
		{41936062-2516-15D4-1F48-F21E01F7EE18}.Release|Any CPU.ActiveCfg = Release|Any CPU
		{41936062-2516-15D4-1F48-F21E01F7EE18}.Release|Any CPU.Build.0 = Release|Any CPU
	EndGlobalSection
	GlobalSection(SolutionProperties) = preSolution
		HideSolutionNode = FALSE
	EndGlobalSection
EndGlobal
